
Microsoft Visual Studio Solution File, Format Version 12.00
# Visual Studio Version 17
VisualStudioVersion = 17.7.34003.232
MinimumVisualStudioVersion = 10.0.40219.1
Project("{FAE04EC0-301F-11D3-BF4B-00C04F79EFBC}") = "MongoLab", "MongoLab\MongoLab.csproj", "{CBDFE2E5-C252-4A53-9B0D-414159E2708E}"
EndProject
Global
	GlobalSection(SolutionConfigurationPlatforms) = preSolution
		Debug|Any CPU = Debug|Any CPU
		Release|Any CPU = Release|Any CPU
	EndGlobalSection
	GlobalSection(ProjectConfigurationPlatforms) = postSolution
		{CBDFE2E5-C252-4A53-9B0D-414159E2708E}.Debug|Any CPU.ActiveCfg = Debug|Any CPU
		{CBDFE2E5-C252-4A53-9B0D-414159E2708E}.Debug|Any CPU.Build.0 = Debug|Any CPU
		{CBDFE2E5-C252-4A53-9B0D-414159E2708E}.Release|Any CPU.ActiveCfg = Release|Any CPU
		{CBDFE2E5-C252-4A53-9B0D-414159E2708E}.Release|Any CPU.Build.0 = Release|Any CPU
	EndGlobalSection
	GlobalSection(SolutionProperties) = preSolution
		HideSolutionNode = FALSE
	EndGlobalSection
	GlobalSection(ExtensibilityGlobals) = postSolution
		SolutionGuid = {6E91A0F8-C2EE-4D3A-AD0E-D0AB68A6982E}
	EndGlobalSection
EndGlobal
